
Microsoft Visual Studio Solution File, Format Version 12.00
# Visual Studio 15
VisualStudioVersion = 15.0.28307.757
MinimumVisualStudioVersion = 10.0.40219.1
Project("{00D1A9C2-B5F0-4AF3-8072-F6C62B433612}") = "MyTestDB", "MyTestDB\MyTestDB.sqlproj", "{BBB1F0E8-06EC-4936-91C7-68B6DCAC0D6E}"
EndProject
Global
	GlobalSection(SolutionConfigurationPlatforms) = preSolution
		Debug|Any CPU = Debug|Any CPU
		Release|Any CPU = Release|Any CPU
	EndGlobalSection
	GlobalSection(ProjectConfigurationPlatforms) = postSolution
		{BBB1F0E8-06EC-4936-91C7-68B6DCAC0D6E}.Debug|Any CPU.ActiveCfg = Debug|Any CPU
		{BBB1F0E8-06EC-4936-91C7-68B6DCAC0D6E}.Debug|Any CPU.Build.0 = Debug|Any CPU
		{BBB1F0E8-06EC-4936-91C7-68B6DCAC0D6E}.Debug|Any CPU.Deploy.0 = Debug|Any CPU
		{BBB1F0E8-06EC-4936-91C7-68B6DCAC0D6E}.Release|Any CPU.ActiveCfg = Release|Any CPU
		{BBB1F0E8-06EC-4936-91C7-68B6DCAC0D6E}.Release|Any CPU.Build.0 = Release|Any CPU
		{BBB1F0E8-06EC-4936-91C7-68B6DCAC0D6E}.Release|Any CPU.Deploy.0 = Release|Any CPU
	EndGlobalSection
	GlobalSection(SolutionProperties) = preSolution
		HideSolutionNode = FALSE
	EndGlobalSection
	GlobalSection(ExtensibilityGlobals) = postSolution
		SolutionGuid = {75A6E1B0-13F7-4059-8BB6-B2BAE164BC3B}
	EndGlobalSection
EndGlobal
